
Microsoft Visual Studio Solution File, Format Version 12.00
# Visual Studio Version 17
VisualStudioVersion = 17.7.34221.43
MinimumVisualStudioVersion = 10.0.40219.1
Project("{9A19103F-16F7-4668-BE54-9A1E7A4F7556}") = "UfcComScraper", "UfcComScraper\UfcComScraper.csproj", "{12698319-8E73-4B44-9919-808948568286}"
EndProject
Project("{9A19103F-16F7-4668-BE54-9A1E7A4F7556}") = "UfcComScraper.ConsoleExample", "UfcComScraper.ConsoleExample\UfcComScraper.ConsoleExample.csproj", "{49F99E0E-077E-48C7-A9B9-077267CBF2C8}"
EndProject
Project("{9A19103F-16F7-4668-BE54-9A1E7A4F7556}") = "UfcComScraper.Tests", "UfcComScraper.Tests\UfcComScraper.Tests.csproj", "{5C2DE79F-5117-40C7-945E-2B0FE27F9B38}"
EndProject
Project("{9A19103F-16F7-4668-BE54-9A1E7A4F7556}") = "UfcComScraper.ScrapySharp", "UfcComScraper.ScrapySharp\UfcComScraper.ScrapySharp.csproj", "{287C5E75-0666-41D5-84B3-D77826CDD9DE}"
EndProject
Global
	GlobalSection(SolutionConfigurationPlatforms) = preSolution
		Debug|Any CPU = Debug|Any CPU
		Release|Any CPU = Release|Any CPU
	EndGlobalSection
	GlobalSection(ProjectConfigurationPlatforms) = postSolution
		{12698319-8E73-4B44-9919-808948568286}.Debug|Any CPU.ActiveCfg = Debug|Any CPU
		{12698319-8E73-4B44-9919-808948568286}.Debug|Any CPU.Build.0 = Debug|Any CPU
		{12698319-8E73-4B44-9919-808948568286}.Release|Any CPU.ActiveCfg = Release|Any CPU
		{12698319-8E73-4B44-9919-808948568286}.Release|Any CPU.Build.0 = Release|Any CPU
		{49F99E0E-077E-48C7-A9B9-077267CBF2C8}.Debug|Any CPU.ActiveCfg = Debug|Any CPU
		{49F99E0E-077E-48C7-A9B9-077267CBF2C8}.Debug|Any CPU.Build.0 = Debug|Any CPU
		{49F99E0E-077E-48C7-A9B9-077267CBF2C8}.Release|Any CPU.ActiveCfg = Release|Any CPU
		{49F99E0E-077E-48C7-A9B9-077267CBF2C8}.Release|Any CPU.Build.0 = Release|Any CPU
		{5C2DE79F-5117-40C7-945E-2B0FE27F9B38}.Debug|Any CPU.ActiveCfg = Debug|Any CPU
		{5C2DE79F-5117-40C7-945E-2B0FE27F9B38}.Debug|Any CPU.Build.0 = Debug|Any CPU
		{5C2DE79F-5117-40C7-945E-2B0FE27F9B38}.Release|Any CPU.ActiveCfg = Release|Any CPU
		{5C2DE79F-5117-40C7-945E-2B0FE27F9B38}.Release|Any CPU.Build.0 = Release|Any CPU
		{287C5E75-0666-41D5-84B3-D77826CDD9DE}.Debug|Any CPU.ActiveCfg = Debug|Any CPU
		{287C5E75-0666-41D5-84B3-D77826CDD9DE}.Debug|Any CPU.Build.0 = Debug|Any CPU
		{287C5E75-0666-41D5-84B3-D77826CDD9DE}.Release|Any CPU.ActiveCfg = Release|Any CPU
		{287C5E75-0666-41D5-84B3-D77826CDD9DE}.Release|Any CPU.Build.0 = Release|Any CPU
	EndGlobalSection
	GlobalSection(SolutionProperties) = preSolution
		HideSolutionNode = FALSE
	EndGlobalSection
	GlobalSection(ExtensibilityGlobals) = postSolution
		SolutionGuid = {8AE143EE-FC66-4E3E-B721-4EDCEBD37922}
	EndGlobalSection
EndGlobal
